
Microsoft Visual Studio Solution File, Format Version 12.00
# Visual Studio Version 17
VisualStudioVersion = 17.7.34024.191
MinimumVisualStudioVersion = 10.0.40219.1
Project("{FAE04EC0-301F-11D3-BF4B-00C04F79EFBC}") = "Functions", "Functions\Functions.csproj", "{8268D4D4-5385-4635-B2A2-EDD9BE8457EA}"
EndProject
Project("{FAE04EC0-301F-11D3-BF4B-00C04F79EFBC}") = "ArgumentsAndParameters", "ArgumentsAndParameters\ArgumentsAndParameters.csproj", "{D43F7F9C-AB81-4122-93CA-11CF60FF3CA8}"
EndProject
Project("{FAE04EC0-301F-11D3-BF4B-00C04F79EFBC}") = "Calculator", "Calculator\Calculator.csproj", "{CED60246-019A-4F15-80ED-B5163368F38E}"
EndProject
Project("{FAE04EC0-301F-11D3-BF4B-00C04F79EFBC}") = "DiscountCalculator", "DiscountCalculator\DiscountCalculator.csproj", "{E9083E61-0DDB-4B9D-A720-009BF59DD587}"
EndProject
Global
	GlobalSection(SolutionConfigurationPlatforms) = preSolution
		Debug|Any CPU = Debug|Any CPU
		Release|Any CPU = Release|Any CPU
	EndGlobalSection
	GlobalSection(ProjectConfigurationPlatforms) = postSolution
		{8268D4D4-5385-4635-B2A2-EDD9BE8457EA}.Debug|Any CPU.ActiveCfg = Debug|Any CPU
		{8268D4D4-5385-4635-B2A2-EDD9BE8457EA}.Debug|Any CPU.Build.0 = Debug|Any CPU
		{8268D4D4-5385-4635-B2A2-EDD9BE8457EA}.Release|Any CPU.ActiveCfg = Release|Any CPU
		{8268D4D4-5385-4635-B2A2-EDD9BE8457EA}.Release|Any CPU.Build.0 = Release|Any CPU
		{D43F7F9C-AB81-4122-93CA-11CF60FF3CA8}.Debug|Any CPU.ActiveCfg = Debug|Any CPU
		{D43F7F9C-AB81-4122-93CA-11CF60FF3CA8}.Debug|Any CPU.Build.0 = Debug|Any CPU
		{D43F7F9C-AB81-4122-93CA-11CF60FF3CA8}.Release|Any CPU.ActiveCfg = Release|Any CPU
		{D43F7F9C-AB81-4122-93CA-11CF60FF3CA8}.Release|Any CPU.Build.0 = Release|Any CPU
		{CED60246-019A-4F15-80ED-B5163368F38E}.Debug|Any CPU.ActiveCfg = Debug|Any CPU
		{CED60246-019A-4F15-80ED-B5163368F38E}.Debug|Any CPU.Build.0 = Debug|Any CPU
		{CED60246-019A-4F15-80ED-B5163368F38E}.Release|Any CPU.ActiveCfg = Release|Any CPU
		{CED60246-019A-4F15-80ED-B5163368F38E}.Release|Any CPU.Build.0 = Release|Any CPU
		{E9083E61-0DDB-4B9D-A720-009BF59DD587}.Debug|Any CPU.ActiveCfg = Debug|Any CPU
		{E9083E61-0DDB-4B9D-A720-009BF59DD587}.Debug|Any CPU.Build.0 = Debug|Any CPU
		{E9083E61-0DDB-4B9D-A720-009BF59DD587}.Release|Any CPU.ActiveCfg = Release|Any CPU
		{E9083E61-0DDB-4B9D-A720-009BF59DD587}.Release|Any CPU.Build.0 = Release|Any CPU
	EndGlobalSection
	GlobalSection(SolutionProperties) = preSolution
		HideSolutionNode = FALSE
	EndGlobalSection
	GlobalSection(ExtensibilityGlobals) = postSolution
		SolutionGuid = {5C675B8D-F603-44D9-B17D-3E96C7D98662}
	EndGlobalSection
EndGlobal
